// !$*UTF8*$!
{
	archiveVersion = 1;
	classes = {
	};
	objectVersion = 77;
	objects = {

/* Begin PBXBuildFile section */
		0AA7B1CE2DC49BB33E06DC8D /* AvatarScript.swift in Sources */ = {isa = PBXBuildFile; fileRef = 1155C4D262005258083AC5F3 /* AvatarScript.swift */; };
		130530EE24B46AACA559E02F /* Config.swift in Sources */ = {isa = PBXBuildFile; fileRef = 4C6C4387E48777A5A796B3A5 /* Config.swift */; };
		134ED0DAD37BF3DA3C1EE51C /* Theme.swift in Sources */ = {isa = PBXBuildFile; fileRef = 1931A0407EC22FAD631791B9 /* Theme.swift */; };
		13ECF2B2284B2C191DAFF6D4 /* PhoneQRSession.swift in Sources */ = {isa = PBXBuildFile; fileRef = 389EE8AE3236BFB3F5082946 /* PhoneQRSession.swift */; };
		1816133B7E27DCBFACCC7182 /* GlassesDeviceState.swift in Sources */ = {isa = PBXBuildFile; fileRef = E96CEAC3A9AFAC87BB777249 /* GlassesDeviceState.swift */; };
		2572F6238459EEDA4EDF5704 /* MWDATDisplay in Frameworks */ = {isa = PBXBuildFile; productRef = 47A0DC9E49A19D3B97018B1B /* MWDATDisplay */; };
		27C7781805A9B22F9FF10C8C /* ActiveChannelsBar.swift in Sources */ = {isa = PBXBuildFile; fileRef = F56C9E0D592AD05E8C0F3BBD /* ActiveChannelsBar.swift */; };
		2BF46024F0AC0C76B46F8001 /* CameraStreamDetailView.swift in Sources */ = {isa = PBXBuildFile; fileRef = 8DF36B4440E276D589B360E4 /* CameraStreamDetailView.swift */; };
		35840F7BC81D8253942B7FAB /* QRGafasView.swift in Sources */ = {isa = PBXBuildFile; fileRef = F75A00EC123D9A61CACD55DB /* QRGafasView.swift */; };
		4064CD4FD4B1EAFE6D695992 /* WaveHUDRenderer.swift in Sources */ = {isa = PBXBuildFile; fileRef = 7F456029F6AC7B0E73C07985 /* WaveHUDRenderer.swift */; };
		42E762AFAFFBB2378473601C /* QuestionsView.swift in Sources */ = {isa = PBXBuildFile; fileRef = 8EDC8CC51F5E5F6159C81D8C /* QuestionsView.swift */; };
		4C4E013F11E7033D9F615F84 /* ScanStandView.swift in Sources */ = {isa = PBXBuildFile; fileRef = 86FBD2A0F3F1ECA025306457 /* ScanStandView.swift */; };
		4DAC8334334BB08A0EEE3E26 /* AIManager.swift in Sources */ = {isa = PBXBuildFile; fileRef = EB1062087DAD7DBA9F5C64F8 /* AIManager.swift */; };
		56266346DB2C4C440E2E033B /* ProjectAuditAgent.swift in Sources */ = {isa = PBXBuildFile; fileRef = 73F345485C5AEE53F45AD97D /* ProjectAuditAgent.swift */; };
		5C718291E82CCA04C36D860E /* MWDATCamera in Frameworks */ = {isa = PBXBuildFile; productRef = AA2DE7988A4EF5179EC66FD3 /* MWDATCamera */; };
		61E6C29508BD71C3F12E2BAA /* AvatarNarrator.swift in Sources */ = {isa = PBXBuildFile; fileRef = BA5413A10B9F9488EA3ED116 /* AvatarNarrator.swift */; };
		74BD61D715C0BB14BF9C9DE4 /* DiagnosticLogger.swift in Sources */ = {isa = PBXBuildFile; fileRef = EAD6FD391238CC721E5C1B29 /* DiagnosticLogger.swift */; };
		7B20C6E3E43E9149910C2068 /* QuestionSession.swift in Sources */ = {isa = PBXBuildFile; fileRef = 54C95AAEB57072FB34B2036E /* QuestionSession.swift */; };
		84C242E73187D83655C3D6BD /* GlassesInstructorApp.swift in Sources */ = {isa = PBXBuildFile; fileRef = 9FBD3C434FA4E254CC629E8B /* GlassesInstructorApp.swift */; };
		886817CD7B57ED75C333110D /* LogEntry.swift in Sources */ = {isa = PBXBuildFile; fileRef = 0FEB556C2BB75FA5AF022BCA /* LogEntry.swift */; };
		8DCF80A4800F63C62A0EEB48 /* QRScanner.swift in Sources */ = {isa = PBXBuildFile; fileRef = DDB0BAA4ED672AB15C95F1C0 /* QRScanner.swift */; };
		90A4A35D17CB7754553240F9 /* ConnectionGuideSheetView.swift in Sources */ = {isa = PBXBuildFile; fileRef = 72C35D8AE3294AAB61CF3FC0 /* ConnectionGuideSheetView.swift */; };
		9307233A277C48D753FCC547 /* AvatarHUDManager.swift in Sources */ = {isa = PBXBuildFile; fileRef = 67B94B6FBEE46A7A96781A3B /* AvatarHUDManager.swift */; };
		998A658FBB6A3FC52F27A69F /* FullScreenMainView.swift in Sources */ = {isa = PBXBuildFile; fileRef = 2D88C38D6B6F96CB2C7EAAF0 /* FullScreenMainView.swift */; };
		9A9003A1DBB3EB33831AB5A7 /* SpeechAudioManager.swift in Sources */ = {isa = PBXBuildFile; fileRef = A64F8B6A46DDD162B61EA7A7 /* SpeechAudioManager.swift */; };
		A14C3350055AA273E32B5F81 /* LinkAnalyzer.swift in Sources */ = {isa = PBXBuildFile; fileRef = DD73C12DA784FB48CABEA86E /* LinkAnalyzer.swift */; };
		A1D01E74059965DE411ED079 /* DictationDetailView.swift in Sources */ = {isa = PBXBuildFile; fileRef = 929536ED9EAB53DBAEBFD1D5 /* DictationDetailView.swift */; };
		A33B3EC00C51EA4196616E0C /* CameraStreamManager.swift in Sources */ = {isa = PBXBuildFile; fileRef = 1BD39B60136C1FFFD9276ADF /* CameraStreamManager.swift */; };
		A442E0412E67980AA5713168 /* GlassesConnectionManager.swift in Sources */ = {isa = PBXBuildFile; fileRef = 85D4FFB31A51ECC748729B29 /* GlassesConnectionManager.swift */; };
		AE8A4199FBC0DA9CC5BA1986 /* HUDMirrorSimulatorView.swift in Sources */ = {isa = PBXBuildFile; fileRef = 3AB8ABCB000B4D1D76AA4410 /* HUDMirrorSimulatorView.swift */; };
		AE8D96E8C11C62689FC3B210 /* GlassesOfflineOverlay.swift in Sources */ = {isa = PBXBuildFile; fileRef = 6DEAC8E4D89774C8B5866009 /* GlassesOfflineOverlay.swift */; };
		B07F895B092B9CBA092CAA5C /* MascotHUDRenderer.swift in Sources */ = {isa = PBXBuildFile; fileRef = 5797BE91FEC51FE2F80020B6 /* MascotHUDRenderer.swift */; };
		BF4A4DD759C524DA350C0515 /* WelcomeView.swift in Sources */ = {isa = PBXBuildFile; fileRef = D931331FFBD295A7094136F7 /* WelcomeView.swift */; };
		C99D6AC4761C817C68E33D86 /* Avatar in Resources */ = {isa = PBXBuildFile; fileRef = 4984ED4B1FB2843A7DA04DFD /* Avatar */; };
		CA3CE6B566E1F8AA9EF71423 /* HUDGridManager.swift in Sources */ = {isa = PBXBuildFile; fileRef = 158A3CC4932D923BE2B9B7DC /* HUDGridManager.swift */; };
		D15283D9BDD46C64891D7A5C /* LLMRouter.swift in Sources */ = {isa = PBXBuildFile; fileRef = 4BA9402AA0D2F2A71BA75057 /* LLMRouter.swift */; };
		D5BDFB8641E07EF8E609A68D /* ShikiMascot.swift in Sources */ = {isa = PBXBuildFile; fileRef = 2EE85515C181302F55FB78C2 /* ShikiMascot.swift */; };
		DE5D1F10F0CE6D96D3BD3375 /* AvatarAIView.swift in Sources */ = {isa = PBXBuildFile; fileRef = 31BE9F6A39B1B431529A6E85 /* AvatarAIView.swift */; };
		EFA65946CCF575F21D6EA421 /* MWDATCore in Frameworks */ = {isa = PBXBuildFile; productRef = 759A49ACF90F389BEC6ADA34 /* MWDATCore */; };
		F645D7A32FC40FC15E3A124A /* LinkAnalysis.swift in Sources */ = {isa = PBXBuildFile; fileRef = B9C85C81F115030158FD8908 /* LinkAnalysis.swift */; };
/* End PBXBuildFile section */

/* Begin PBXFileReference section */
		0FEB556C2BB75FA5AF022BCA /* LogEntry.swift */ = {isa = PBXFileReference; lastKnownFileType = sourcecode.swift; path = LogEntry.swift; sourceTree = "<group>"; };
		1155C4D262005258083AC5F3 /* AvatarScript.swift */ = {isa = PBXFileReference; lastKnownFileType = sourcecode.swift; path = AvatarScript.swift; sourceTree = "<group>"; };
		158A3CC4932D923BE2B9B7DC /* HUDGridManager.swift */ = {isa = PBXFileReference; lastKnownFileType = sourcecode.swift; path = HUDGridManager.swift; sourceTree = "<group>"; };
		1931A0407EC22FAD631791B9 /* Theme.swift */ = {isa = PBXFileReference; lastKnownFileType = sourcecode.swift; path = Theme.swift; sourceTree = "<group>"; };
		1BD39B60136C1FFFD9276ADF /* CameraStreamManager.swift */ = {isa = PBXFileReference; lastKnownFileType = sourcecode.swift; path = CameraStreamManager.swift; sourceTree = "<group>"; };
		2D88C38D6B6F96CB2C7EAAF0 /* FullScreenMainView.swift */ = {isa = PBXFileReference; lastKnownFileType = sourcecode.swift; path = FullScreenMainView.swift; sourceTree = "<group>"; };
		2EE85515C181302F55FB78C2 /* ShikiMascot.swift */ = {isa = PBXFileReference; lastKnownFileType = sourcecode.swift; path = ShikiMascot.swift; sourceTree = "<group>"; };
		31BE9F6A39B1B431529A6E85 /* AvatarAIView.swift */ = {isa = PBXFileReference; lastKnownFileType = sourcecode.swift; path = AvatarAIView.swift; sourceTree = "<group>"; };
		389EE8AE3236BFB3F5082946 /* PhoneQRSession.swift */ = {isa = PBXFileReference; lastKnownFileType = sourcecode.swift; path = PhoneQRSession.swift; sourceTree = "<group>"; };
		3AB8ABCB000B4D1D76AA4410 /* HUDMirrorSimulatorView.swift */ = {isa = PBXFileReference; lastKnownFileType = sourcecode.swift; path = HUDMirrorSimulatorView.swift; sourceTree = "<group>"; };
		4984ED4B1FB2843A7DA04DFD /* Avatar */ = {isa = PBXFileReference; lastKnownFileType = folder; name = Avatar; path = Source/Assets/Avatar; sourceTree = SOURCE_ROOT; };
		4BA9402AA0D2F2A71BA75057 /* LLMRouter.swift */ = {isa = PBXFileReference; lastKnownFileType = sourcecode.swift; path = LLMRouter.swift; sourceTree = "<group>"; };
		4C6C4387E48777A5A796B3A5 /* Config.swift */ = {isa = PBXFileReference; lastKnownFileType = sourcecode.swift; path = Config.swift; sourceTree = "<group>"; };
		54C95AAEB57072FB34B2036E /* QuestionSession.swift */ = {isa = PBXFileReference; lastKnownFileType = sourcecode.swift; path = QuestionSession.swift; sourceTree = "<group>"; };
		5797BE91FEC51FE2F80020B6 /* MascotHUDRenderer.swift */ = {isa = PBXFileReference; lastKnownFileType = sourcecode.swift; path = MascotHUDRenderer.swift; sourceTree = "<group>"; };
		67B94B6FBEE46A7A96781A3B /* AvatarHUDManager.swift */ = {isa = PBXFileReference; lastKnownFileType = sourcecode.swift; path = AvatarHUDManager.swift; sourceTree = "<group>"; };
		6DEAC8E4D89774C8B5866009 /* GlassesOfflineOverlay.swift */ = {isa = PBXFileReference; lastKnownFileType = sourcecode.swift; path = GlassesOfflineOverlay.swift; sourceTree = "<group>"; };
		72C35D8AE3294AAB61CF3FC0 /* ConnectionGuideSheetView.swift */ = {isa = PBXFileReference; lastKnownFileType = sourcecode.swift; path = ConnectionGuideSheetView.swift; sourceTree = "<group>"; };
		73F345485C5AEE53F45AD97D /* ProjectAuditAgent.swift */ = {isa = PBXFileReference; lastKnownFileType = sourcecode.swift; path = ProjectAuditAgent.swift; sourceTree = "<group>"; };
		7F07C58D234C08E797D9B88D /* GlassesInstructor.app */ = {isa = PBXFileReference; includeInIndex = 0; lastKnownFileType = wrapper.application; path = GlassesInstructor.app; sourceTree = BUILT_PRODUCTS_DIR; };
		7F456029F6AC7B0E73C07985 /* WaveHUDRenderer.swift */ = {isa = PBXFileReference; lastKnownFileType = sourcecode.swift; path = WaveHUDRenderer.swift; sourceTree = "<group>"; };
		85D4FFB31A51ECC748729B29 /* GlassesConnectionManager.swift */ = {isa = PBXFileReference; lastKnownFileType = sourcecode.swift; path = GlassesConnectionManager.swift; sourceTree = "<group>"; };
		86FBD2A0F3F1ECA025306457 /* ScanStandView.swift */ = {isa = PBXFileReference; lastKnownFileType = sourcecode.swift; path = ScanStandView.swift; sourceTree = "<group>"; };
		8DF36B4440E276D589B360E4 /* CameraStreamDetailView.swift */ = {isa = PBXFileReference; lastKnownFileType = sourcecode.swift; path = CameraStreamDetailView.swift; sourceTree = "<group>"; };
		8EDC8CC51F5E5F6159C81D8C /* QuestionsView.swift */ = {isa = PBXFileReference; lastKnownFileType = sourcecode.swift; path = QuestionsView.swift; sourceTree = "<group>"; };
		929536ED9EAB53DBAEBFD1D5 /* DictationDetailView.swift */ = {isa = PBXFileReference; lastKnownFileType = sourcecode.swift; path = DictationDetailView.swift; sourceTree = "<group>"; };
		9FBD3C434FA4E254CC629E8B /* GlassesInstructorApp.swift */ = {isa = PBXFileReference; lastKnownFileType = sourcecode.swift; path = GlassesInstructorApp.swift; sourceTree = "<group>"; };
		A64F8B6A46DDD162B61EA7A7 /* SpeechAudioManager.swift */ = {isa = PBXFileReference; lastKnownFileType = sourcecode.swift; path = SpeechAudioManager.swift; sourceTree = "<group>"; };
		B9C85C81F115030158FD8908 /* LinkAnalysis.swift */ = {isa = PBXFileReference; lastKnownFileType = sourcecode.swift; path = LinkAnalysis.swift; sourceTree = "<group>"; };
		BA5413A10B9F9488EA3ED116 /* AvatarNarrator.swift */ = {isa = PBXFileReference; lastKnownFileType = sourcecode.swift; path = AvatarNarrator.swift; sourceTree = "<group>"; };
		D931331FFBD295A7094136F7 /* WelcomeView.swift */ = {isa = PBXFileReference; lastKnownFileType = sourcecode.swift; path = WelcomeView.swift; sourceTree = "<group>"; };
		DD73C12DA784FB48CABEA86E /* LinkAnalyzer.swift */ = {isa = PBXFileReference; lastKnownFileType = sourcecode.swift; path = LinkAnalyzer.swift; sourceTree = "<group>"; };
		DDB0BAA4ED672AB15C95F1C0 /* QRScanner.swift */ = {isa = PBXFileReference; lastKnownFileType = sourcecode.swift; path = QRScanner.swift; sourceTree = "<group>"; };
		E96CEAC3A9AFAC87BB777249 /* GlassesDeviceState.swift */ = {isa = PBXFileReference; lastKnownFileType = sourcecode.swift; path = GlassesDeviceState.swift; sourceTree = "<group>"; };
		EAD6FD391238CC721E5C1B29 /* DiagnosticLogger.swift */ = {isa = PBXFileReference; lastKnownFileType = sourcecode.swift; path = DiagnosticLogger.swift; sourceTree = "<group>"; };
		EB1062087DAD7DBA9F5C64F8 /* AIManager.swift */ = {isa = PBXFileReference; lastKnownFileType = sourcecode.swift; path = AIManager.swift; sourceTree = "<group>"; };
		F56C9E0D592AD05E8C0F3BBD /* ActiveChannelsBar.swift */ = {isa = PBXFileReference; lastKnownFileType = sourcecode.swift; path = ActiveChannelsBar.swift; sourceTree = "<group>"; };
		F75A00EC123D9A61CACD55DB /* QRGafasView.swift */ = {isa = PBXFileReference; lastKnownFileType = sourcecode.swift; path = QRGafasView.swift; sourceTree = "<group>"; };
/* End PBXFileReference section */

/* Begin PBXFrameworksBuildPhase section */
		A47E29A8D89CB3D8A6D48E68 /* Frameworks */ = {
			isa = PBXFrameworksBuildPhase;
			buildActionMask = 2147483647;
			files = (
				EFA65946CCF575F21D6EA421 /* MWDATCore in Frameworks */,
				2572F6238459EEDA4EDF5704 /* MWDATDisplay in Frameworks */,
				5C718291E82CCA04C36D860E /* MWDATCamera in Frameworks */,
			);
			runOnlyForDeploymentPostprocessing = 0;
		};
/* End PBXFrameworksBuildPhase section */

/* Begin PBXGroup section */
		0D5925CAFE76E7BB640A250D /* Phone */ = {
			isa = PBXGroup;
			children = (
				F56C9E0D592AD05E8C0F3BBD /* ActiveChannelsBar.swift */,
				31BE9F6A39B1B431529A6E85 /* AvatarAIView.swift */,
				8DF36B4440E276D589B360E4 /* CameraStreamDetailView.swift */,
				72C35D8AE3294AAB61CF3FC0 /* ConnectionGuideSheetView.swift */,
				929536ED9EAB53DBAEBFD1D5 /* DictationDetailView.swift */,
				2D88C38D6B6F96CB2C7EAAF0 /* FullScreenMainView.swift */,
				6DEAC8E4D89774C8B5866009 /* GlassesOfflineOverlay.swift */,
				3AB8ABCB000B4D1D76AA4410 /* HUDMirrorSimulatorView.swift */,
				F75A00EC123D9A61CACD55DB /* QRGafasView.swift */,
				8EDC8CC51F5E5F6159C81D8C /* QuestionsView.swift */,
				86FBD2A0F3F1ECA025306457 /* ScanStandView.swift */,
				2EE85515C181302F55FB78C2 /* ShikiMascot.swift */,
				1931A0407EC22FAD631791B9 /* Theme.swift */,
				D931331FFBD295A7094136F7 /* WelcomeView.swift */,
			);
			path = Phone;
			sourceTree = "<group>";
		};
		0EE151F04D6A2E5259226A87 /* Analysis */ = {
			isa = PBXGroup;
			children = (
				DD73C12DA784FB48CABEA86E /* LinkAnalyzer.swift */,
				389EE8AE3236BFB3F5082946 /* PhoneQRSession.swift */,
				73F345485C5AEE53F45AD97D /* ProjectAuditAgent.swift */,
				DDB0BAA4ED672AB15C95F1C0 /* QRScanner.swift */,
				54C95AAEB57072FB34B2036E /* QuestionSession.swift */,
			);
			name = Analysis;
			path = Source/Analysis;
			sourceTree = "<group>";
		};
		6710DF7C15372B22A57FC89C /* Managers */ = {
			isa = PBXGroup;
			children = (
				EB1062087DAD7DBA9F5C64F8 /* AIManager.swift */,
				67B94B6FBEE46A7A96781A3B /* AvatarHUDManager.swift */,
				BA5413A10B9F9488EA3ED116 /* AvatarNarrator.swift */,
				1BD39B60136C1FFFD9276ADF /* CameraStreamManager.swift */,
				4C6C4387E48777A5A796B3A5 /* Config.swift */,
				EAD6FD391238CC721E5C1B29 /* DiagnosticLogger.swift */,
				85D4FFB31A51ECC748729B29 /* GlassesConnectionManager.swift */,
				158A3CC4932D923BE2B9B7DC /* HUDGridManager.swift */,
				4BA9402AA0D2F2A71BA75057 /* LLMRouter.swift */,
				5797BE91FEC51FE2F80020B6 /* MascotHUDRenderer.swift */,
				A64F8B6A46DDD162B61EA7A7 /* SpeechAudioManager.swift */,
				7F456029F6AC7B0E73C07985 /* WaveHUDRenderer.swift */,
			);
			name = Managers;
			path = Source/Managers;
			sourceTree = "<group>";
		};
		824187F4F4D4289833BAE9FC /* Models */ = {
			isa = PBXGroup;
			children = (
				1155C4D262005258083AC5F3 /* AvatarScript.swift */,
				E96CEAC3A9AFAC87BB777249 /* GlassesDeviceState.swift */,
				B9C85C81F115030158FD8908 /* LinkAnalysis.swift */,
				0FEB556C2BB75FA5AF022BCA /* LogEntry.swift */,
			);
			name = Models;
			path = Source/Models;
			sourceTree = "<group>";
		};
		BF9EE92CE25F53582C0A025B = {
			isa = PBXGroup;
			children = (
				4984ED4B1FB2843A7DA04DFD /* Avatar */,
				0EE151F04D6A2E5259226A87 /* Analysis */,
				6710DF7C15372B22A57FC89C /* Managers */,
				824187F4F4D4289833BAE9FC /* Models */,
				CDAC62A1DCFA3ACF1FD68959 /* Source */,
				E93604CBCC512519B5D370D8 /* Views */,
				D1F46D269F4DB8889B67DAF9 /* Products */,
			);
			sourceTree = "<group>";
		};
		CDAC62A1DCFA3ACF1FD68959 /* Source */ = {
			isa = PBXGroup;
			children = (
				9FBD3C434FA4E254CC629E8B /* GlassesInstructorApp.swift */,
			);
			path = Source;
			sourceTree = "<group>";
		};
		D1F46D269F4DB8889B67DAF9 /* Products */ = {
			isa = PBXGroup;
			children = (
				7F07C58D234C08E797D9B88D /* GlassesInstructor.app */,
			);
			name = Products;
			sourceTree = "<group>";
		};
		E93604CBCC512519B5D370D8 /* Views */ = {
			isa = PBXGroup;
			children = (
				0D5925CAFE76E7BB640A250D /* Phone */,
			);
			name = Views;
			path = Source/Views;
			sourceTree = "<group>";
		};
/* End PBXGroup section */

/* Begin PBXNativeTarget section */
		15197108CF6D9A3743D2DF69 /* GlassesInstructor */ = {
			isa = PBXNativeTarget;
			buildConfigurationList = 4A0C60594095C65AC6375F66 /* Build configuration list for PBXNativeTarget "GlassesInstructor" */;
			buildPhases = (
				F6D2D5CACB6F6362B832C8B6 /* Sources */,
				83E9BBD3F5359BD2D00965FC /* Resources */,
				A47E29A8D89CB3D8A6D48E68 /* Frameworks */,
			);
			buildRules = (
			);
			dependencies = (
			);
			name = GlassesInstructor;
			packageProductDependencies = (
				759A49ACF90F389BEC6ADA34 /* MWDATCore */,
				47A0DC9E49A19D3B97018B1B /* MWDATDisplay */,
				AA2DE7988A4EF5179EC66FD3 /* MWDATCamera */,
			);
			productName = GlassesInstructor;
			productReference = 7F07C58D234C08E797D9B88D /* GlassesInstructor.app */;
			productType = "com.apple.product-type.application";
		};
/* End PBXNativeTarget section */

/* Begin PBXProject section */
		53948FB261370FBDB2806A2E /* Project object */ = {
			isa = PBXProject;
			attributes = {
				BuildIndependentTargetsInParallel = YES;
				LastUpgradeCheck = 1430;
				TargetAttributes = {
					15197108CF6D9A3743D2DF69 = {
						DevelopmentTeam = 82LLK72ZPK;
					};
				};
			};
			buildConfigurationList = B88956C2A768601FA6648F4D /* Build configuration list for PBXProject "GlassesInstructor" */;
			developmentRegion = en;
			hasScannedForEncodings = 0;
			knownRegions = (
				Base,
				en,
			);
			mainGroup = BF9EE92CE25F53582C0A025B;
			minimizedProjectReferenceProxies = 1;
			packageReferences = (
				62FD41F4BDAFA42859336DAA /* XCRemoteSwiftPackageReference "meta-wearables-dat-ios" */,
			);
			preferredProjectObjectVersion = 77;
			productRefGroup = D1F46D269F4DB8889B67DAF9 /* Products */;
			projectDirPath = "";
			projectRoot = "";
			targets = (
				15197108CF6D9A3743D2DF69 /* GlassesInstructor */,
			);
		};
/* End PBXProject section */

/* Begin PBXResourcesBuildPhase section */
		83E9BBD3F5359BD2D00965FC /* Resources */ = {
			isa = PBXResourcesBuildPhase;
			buildActionMask = 2147483647;
			files = (
				C99D6AC4761C817C68E33D86 /* Avatar in Resources */,
			);
			runOnlyForDeploymentPostprocessing = 0;
		};
/* End PBXResourcesBuildPhase section */

/* Begin PBXSourcesBuildPhase section */
		F6D2D5CACB6F6362B832C8B6 /* Sources */ = {
			isa = PBXSourcesBuildPhase;
			buildActionMask = 2147483647;
			files = (
				4DAC8334334BB08A0EEE3E26 /* AIManager.swift in Sources */,
				27C7781805A9B22F9FF10C8C /* ActiveChannelsBar.swift in Sources */,
				DE5D1F10F0CE6D96D3BD3375 /* AvatarAIView.swift in Sources */,
				9307233A277C48D753FCC547 /* AvatarHUDManager.swift in Sources */,
				61E6C29508BD71C3F12E2BAA /* AvatarNarrator.swift in Sources */,
				0AA7B1CE2DC49BB33E06DC8D /* AvatarScript.swift in Sources */,
				2BF46024F0AC0C76B46F8001 /* CameraStreamDetailView.swift in Sources */,
				A33B3EC00C51EA4196616E0C /* CameraStreamManager.swift in Sources */,
				130530EE24B46AACA559E02F /* Config.swift in Sources */,
				90A4A35D17CB7754553240F9 /* ConnectionGuideSheetView.swift in Sources */,
				74BD61D715C0BB14BF9C9DE4 /* DiagnosticLogger.swift in Sources */,
				A1D01E74059965DE411ED079 /* DictationDetailView.swift in Sources */,
				998A658FBB6A3FC52F27A69F /* FullScreenMainView.swift in Sources */,
				A442E0412E67980AA5713168 /* GlassesConnectionManager.swift in Sources */,
				1816133B7E27DCBFACCC7182 /* GlassesDeviceState.swift in Sources */,
				84C242E73187D83655C3D6BD /* GlassesInstructorApp.swift in Sources */,
				AE8D96E8C11C62689FC3B210 /* GlassesOfflineOverlay.swift in Sources */,
				CA3CE6B566E1F8AA9EF71423 /* HUDGridManager.swift in Sources */,
				AE8A4199FBC0DA9CC5BA1986 /* HUDMirrorSimulatorView.swift in Sources */,
				D15283D9BDD46C64891D7A5C /* LLMRouter.swift in Sources */,
				F645D7A32FC40FC15E3A124A /* LinkAnalysis.swift in Sources */,
				A14C3350055AA273E32B5F81 /* LinkAnalyzer.swift in Sources */,
				886817CD7B57ED75C333110D /* LogEntry.swift in Sources */,
				B07F895B092B9CBA092CAA5C /* MascotHUDRenderer.swift in Sources */,
				13ECF2B2284B2C191DAFF6D4 /* PhoneQRSession.swift in Sources */,
				56266346DB2C4C440E2E033B /* ProjectAuditAgent.swift in Sources */,
				35840F7BC81D8253942B7FAB /* QRGafasView.swift in Sources */,
				8DCF80A4800F63C62A0EEB48 /* QRScanner.swift in Sources */,
				7B20C6E3E43E9149910C2068 /* QuestionSession.swift in Sources */,
				42E762AFAFFBB2378473601C /* QuestionsView.swift in Sources */,
				4C4E013F11E7033D9F615F84 /* ScanStandView.swift in Sources */,
				D5BDFB8641E07EF8E609A68D /* ShikiMascot.swift in Sources */,
				9A9003A1DBB3EB33831AB5A7 /* SpeechAudioManager.swift in Sources */,
				134ED0DAD37BF3DA3C1EE51C /* Theme.swift in Sources */,
				4064CD4FD4B1EAFE6D695992 /* WaveHUDRenderer.swift in Sources */,
				BF4A4DD759C524DA350C0515 /* WelcomeView.swift in Sources */,
			);
			runOnlyForDeploymentPostprocessing = 0;
		};
/* End PBXSourcesBuildPhase section */

/* Begin XCBuildConfiguration section */
		2786FC94FDEDA8AFD1F2E752 /* Release */ = {
			isa = XCBuildConfiguration;
			buildSettings = {
				ASSETCATALOG_COMPILER_APPICON_NAME = AppIcon;
				CODE_SIGN_IDENTITY = "iPhone Developer";
				DEVELOPMENT_TEAM = 82LLK72ZPK;
				ENABLE_PREVIEWS = YES;
				INFOPLIST_FILE = Info.plist;
				IPHONEOS_DEPLOYMENT_TARGET = 17.2;
				LD_RUNPATH_SEARCH_PATHS = (
					"$(inherited)",
					"@executable_path/Frameworks",
				);
				PRODUCT_BUNDLE_IDENTIFIER = com.aaron.GlassesInstructor;
				SDKROOT = iphoneos;
				TARGETED_DEVICE_FAMILY = "1,2";
			};
			name = Release;
		};
		3C47732D26EF92E6EE60C173 /* Debug */ = {
			isa = XCBuildConfiguration;
			buildSettings = {
				ALWAYS_SEARCH_USER_PATHS = NO;
				CLANG_ANALYZER_NONNULL = YES;
				CLANG_ANALYZER_NUMBER_OBJECT_CONVERSION = YES_AGGRESSIVE;
				CLANG_CXX_LANGUAGE_STANDARD = "gnu++14";
				CLANG_CXX_LIBRARY = "libc++";
				CLANG_ENABLE_MODULES = YES;
				CLANG_ENABLE_OBJC_ARC = YES;
				CLANG_ENABLE_OBJC_WEAK = YES;
				CLANG_WARN_BLOCK_CAPTURE_AUTORELEASING = YES;
				CLANG_WARN_BOOL_CONVERSION = YES;
				CLANG_WARN_COMMA = YES;
				CLANG_WARN_CONSTANT_CONVERSION = YES;
				CLANG_WARN_DEPRECATED_OBJC_IMPLEMENTATIONS = YES;
				CLANG_WARN_DIRECT_OBJC_ISA_USAGE = YES_ERROR;
				CLANG_WARN_DOCUMENTATION_COMMENTS = YES;
				CLANG_WARN_EMPTY_BODY = YES;
				CLANG_WARN_ENUM_CONVERSION = YES;
				CLANG_WARN_INFINITE_RECURSION = YES;
				CLANG_WARN_INT_CONVERSION = YES;
				CLANG_WARN_NON_LITERAL_NULL_CONVERSION = YES;
				CLANG_WARN_OBJC_IMPLICIT_RETAIN_SELF = YES;
				CLANG_WARN_OBJC_LITERAL_CONVERSION = YES;
				CLANG_WARN_OBJC_ROOT_CLASS = YES_ERROR;
				CLANG_WARN_QUOTED_INCLUDE_IN_FRAMEWORK_HEADER = YES;
				CLANG_WARN_RANGE_LOOP_ANALYSIS = YES;
				CLANG_WARN_STRICT_PROTOTYPES = YES;
				CLANG_WARN_SUSPICIOUS_MOVE = YES;
				CLANG_WARN_UNGUARDED_AVAILABILITY = YES_AGGRESSIVE;
				CLANG_WARN_UNREACHABLE_CODE = YES;
				CLANG_WARN__DUPLICATE_METHOD_MATCH = YES;
				COPY_PHASE_STRIP = NO;
				DEBUG_INFORMATION_FORMAT = dwarf;
				ENABLE_STRICT_OBJC_MSGSEND = YES;
				ENABLE_TESTABILITY = YES;
				GCC_C_LANGUAGE_STANDARD = gnu11;
				GCC_DYNAMIC_NO_PIC = NO;
				GCC_NO_COMMON_BLOCKS = YES;
				GCC_OPTIMIZATION_LEVEL = 0;
				GCC_PREPROCESSOR_DEFINITIONS = (
					"$(inherited)",
					"DEBUG=1",
				);
				GCC_WARN_64_TO_32_BIT_CONVERSION = YES;
				GCC_WARN_ABOUT_RETURN_TYPE = YES_ERROR;
				GCC_WARN_UNDECLARED_SELECTOR = YES;
				GCC_WARN_UNINITIALIZED_AUTOS = YES_AGGRESSIVE;
				GCC_WARN_UNUSED_FUNCTION = YES;
				GCC_WARN_UNUSED_VARIABLE = YES;
				MTL_ENABLE_DEBUG_INFO = INCLUDE_SOURCE;
				MTL_FAST_MATH = YES;
				ONLY_ACTIVE_ARCH = YES;
				PRODUCT_NAME = "$(TARGET_NAME)";
				SDKROOT = iphoneos;
				SWIFT_ACTIVE_COMPILATION_CONDITIONS = DEBUG;
				SWIFT_OPTIMIZATION_LEVEL = "-Onone";
				SWIFT_VERSION = 5.0;
			};
			name = Debug;
		};
		D0760C4CB78022A31DB3636C /* Release */ = {
			isa = XCBuildConfiguration;
			buildSettings = {
				ALWAYS_SEARCH_USER_PATHS = NO;
				CLANG_ANALYZER_NONNULL = YES;
				CLANG_ANALYZER_NUMBER_OBJECT_CONVERSION = YES_AGGRESSIVE;
				CLANG_CXX_LANGUAGE_STANDARD = "gnu++14";
				CLANG_CXX_LIBRARY = "libc++";
				CLANG_ENABLE_MODULES = YES;
				CLANG_ENABLE_OBJC_ARC = YES;
				CLANG_ENABLE_OBJC_WEAK = YES;
				CLANG_WARN_BLOCK_CAPTURE_AUTORELEASING = YES;
				CLANG_WARN_BOOL_CONVERSION = YES;
				CLANG_WARN_COMMA = YES;
				CLANG_WARN_CONSTANT_CONVERSION = YES;
				CLANG_WARN_DEPRECATED_OBJC_IMPLEMENTATIONS = YES;
				CLANG_WARN_DIRECT_OBJC_ISA_USAGE = YES_ERROR;
				CLANG_WARN_DOCUMENTATION_COMMENTS = YES;
				CLANG_WARN_EMPTY_BODY = YES;
				CLANG_WARN_ENUM_CONVERSION = YES;
				CLANG_WARN_INFINITE_RECURSION = YES;
				CLANG_WARN_INT_CONVERSION = YES;
				CLANG_WARN_NON_LITERAL_NULL_CONVERSION = YES;
				CLANG_WARN_OBJC_IMPLICIT_RETAIN_SELF = YES;
				CLANG_WARN_OBJC_LITERAL_CONVERSION = YES;
				CLANG_WARN_OBJC_ROOT_CLASS = YES_ERROR;
				CLANG_WARN_QUOTED_INCLUDE_IN_FRAMEWORK_HEADER = YES;
				CLANG_WARN_RANGE_LOOP_ANALYSIS = YES;
				CLANG_WARN_STRICT_PROTOTYPES = YES;
				CLANG_WARN_SUSPICIOUS_MOVE = YES;
				CLANG_WARN_UNGUARDED_AVAILABILITY = YES_AGGRESSIVE;
				CLANG_WARN_UNREACHABLE_CODE = YES;
				CLANG_WARN__DUPLICATE_METHOD_MATCH = YES;
				COPY_PHASE_STRIP = NO;
				DEBUG_INFORMATION_FORMAT = "dwarf-with-dsym";
				ENABLE_NS_ASSERTIONS = NO;
				ENABLE_STRICT_OBJC_MSGSEND = YES;
				GCC_C_LANGUAGE_STANDARD = gnu11;
				GCC_NO_COMMON_BLOCKS = YES;
				GCC_WARN_64_TO_32_BIT_CONVERSION = YES;
				GCC_WARN_ABOUT_RETURN_TYPE = YES_ERROR;
				GCC_WARN_UNDECLARED_SELECTOR = YES;
				GCC_WARN_UNINITIALIZED_AUTOS = YES_AGGRESSIVE;
				GCC_WARN_UNUSED_FUNCTION = YES;
				GCC_WARN_UNUSED_VARIABLE = YES;
				MTL_ENABLE_DEBUG_INFO = NO;
				MTL_FAST_MATH = YES;
				PRODUCT_NAME = "$(TARGET_NAME)";
				SDKROOT = iphoneos;
				SWIFT_COMPILATION_MODE = wholemodule;
				SWIFT_OPTIMIZATION_LEVEL = "-O";
				SWIFT_VERSION = 5.0;
			};
			name = Release;
		};
		D3288DA0D2C9C1D719495864 /* Debug */ = {
			isa = XCBuildConfiguration;
			buildSettings = {
				ASSETCATALOG_COMPILER_APPICON_NAME = AppIcon;
				CODE_SIGN_IDENTITY = "iPhone Developer";
				DEVELOPMENT_TEAM = 82LLK72ZPK;
				ENABLE_PREVIEWS = YES;
				INFOPLIST_FILE = Info.plist;
				IPHONEOS_DEPLOYMENT_TARGET = 17.2;
				LD_RUNPATH_SEARCH_PATHS = (
					"$(inherited)",
					"@executable_path/Frameworks",
				);
				PRODUCT_BUNDLE_IDENTIFIER = com.aaron.GlassesInstructor;
				SDKROOT = iphoneos;
				TARGETED_DEVICE_FAMILY = "1,2";
			};
			name = Debug;
		};
/* End XCBuildConfiguration section */

/* Begin XCConfigurationList section */
		4A0C60594095C65AC6375F66 /* Build configuration list for PBXNativeTarget "GlassesInstructor" */ = {
			isa = XCConfigurationList;
			buildConfigurations = (
				D3288DA0D2C9C1D719495864 /* Debug */,
				2786FC94FDEDA8AFD1F2E752 /* Release */,
			);
			defaultConfigurationIsVisible = 0;
			defaultConfigurationName = Debug;
		};
		B88956C2A768601FA6648F4D /* Build configuration list for PBXProject "GlassesInstructor" */ = {
			isa = XCConfigurationList;
			buildConfigurations = (
				3C47732D26EF92E6EE60C173 /* Debug */,
				D0760C4CB78022A31DB3636C /* Release */,
			);
			defaultConfigurationIsVisible = 0;
			defaultConfigurationName = Debug;
		};
/* End XCConfigurationList section */

/* Begin XCRemoteSwiftPackageReference section */
		62FD41F4BDAFA42859336DAA /* XCRemoteSwiftPackageReference "meta-wearables-dat-ios" */ = {
			isa = XCRemoteSwiftPackageReference;
			repositoryURL = "https://github.com/facebook/meta-wearables-dat-ios";
			requirement = {
				kind = upToNextMajorVersion;
				minimumVersion = 0.9.0;
			};
		};
/* End XCRemoteSwiftPackageReference section */

/* Begin XCSwiftPackageProductDependency section */
		47A0DC9E49A19D3B97018B1B /* MWDATDisplay */ = {
			isa = XCSwiftPackageProductDependency;
			package = 62FD41F4BDAFA42859336DAA /* XCRemoteSwiftPackageReference "meta-wearables-dat-ios" */;
			productName = MWDATDisplay;
		};
		759A49ACF90F389BEC6ADA34 /* MWDATCore */ = {
			isa = XCSwiftPackageProductDependency;
			package = 62FD41F4BDAFA42859336DAA /* XCRemoteSwiftPackageReference "meta-wearables-dat-ios" */;
			productName = MWDATCore;
		};
		AA2DE7988A4EF5179EC66FD3 /* MWDATCamera */ = {
			isa = XCSwiftPackageProductDependency;
			package = 62FD41F4BDAFA42859336DAA /* XCRemoteSwiftPackageReference "meta-wearables-dat-ios" */;
			productName = MWDATCamera;
		};
/* End XCSwiftPackageProductDependency section */
	};
	rootObject = 53948FB261370FBDB2806A2E /* Project object */;
}
